
Microsoft Visual Studio Solution File, Format Version 12.00
# Visual Studio Version 16
VisualStudioVersion = 16.0.31205.134
MinimumVisualStudioVersion = 10.0.40219.1
Project("{FAE04EC0-301F-11D3-BF4B-00C04F79EFBC}") = "Employee Directory", "Employee Directory\Employee Directory.csproj", "{DE2D29F1-89C8-45F2-8C68-CE4D35FB22D9}"
EndProject
Global
	GlobalSection(SolutionConfigurationPlatforms) = preSolution
		Debug|Any CPU = Debug|Any CPU
		Release|Any CPU = Release|Any CPU
	EndGlobalSection
	GlobalSection(ProjectConfigurationPlatforms) = postSolution
		{DE2D29F1-89C8-45F2-8C68-CE4D35FB22D9}.Debug|Any CPU.ActiveCfg = Debug|Any CPU
		{DE2D29F1-89C8-45F2-8C68-CE4D35FB22D9}.Debug|Any CPU.Build.0 = Debug|Any CPU
		{DE2D29F1-89C8-45F2-8C68-CE4D35FB22D9}.Release|Any CPU.ActiveCfg = Release|Any CPU
		{DE2D29F1-89C8-45F2-8C68-CE4D35FB22D9}.Release|Any CPU.Build.0 = Release|Any CPU
	EndGlobalSection
	GlobalSection(SolutionProperties) = preSolution
		HideSolutionNode = FALSE
	EndGlobalSection
	GlobalSection(ExtensibilityGlobals) = postSolution
		SolutionGuid = {172DF256-1302-4113-BAFB-9896907B9A61}
	EndGlobalSection
EndGlobal
